
Microsoft Visual Studio Solution File, Format Version 12.00
# Visual Studio Version 17
VisualStudioVersion = 17.13.35919.96 d17.13
MinimumVisualStudioVersion = 10.0.40219.1
Project("{FAE04EC0-301F-11D3-BF4B-00C04F79EFBC}") = "Student Managmet MVC", "Student Managmet MVC.csproj", "{1CD6F441-9E7E-4570-8BDB-363B32B95B29}"
EndProject
Global
	GlobalSection(SolutionConfigurationPlatforms) = preSolution
		Debug|Any CPU = Debug|Any CPU
		Release|Any CPU = Release|Any CPU
	EndGlobalSection
	GlobalSection(ProjectConfigurationPlatforms) = postSolution
		{1CD6F441-9E7E-4570-8BDB-363B32B95B29}.Debug|Any CPU.ActiveCfg = Debug|Any CPU
		{1CD6F441-9E7E-4570-8BDB-363B32B95B29}.Debug|Any CPU.Build.0 = Debug|Any CPU
		{1CD6F441-9E7E-4570-8BDB-363B32B95B29}.Release|Any CPU.ActiveCfg = Release|Any CPU
		{1CD6F441-9E7E-4570-8BDB-363B32B95B29}.Release|Any CPU.Build.0 = Release|Any CPU
	EndGlobalSection
	GlobalSection(SolutionProperties) = preSolution
		HideSolutionNode = FALSE
	EndGlobalSection
	GlobalSection(ExtensibilityGlobals) = postSolution
		SolutionGuid = {DD3CC0A1-A4C5-4996-AB59-35DCD3198E25}
	EndGlobalSection
EndGlobal
